
Microsoft Visual Studio Solution File, Format Version 12.00
# Visual Studio 2012
Project("{FAE04EC0-301F-11D3-BF4B-00C04F79EFBC}") = "Chrome Extension", "Chrome Extension\Chrome Extension.csproj", "{FCAE799B-5B56-420E-9847-32B147FE2062}"
EndProject
Project("{FAE04EC0-301F-11D3-BF4B-00C04F79EFBC}") = "Chrome Extension2", "Chrome Extension2\Chrome Extension2.csproj", "{CA7D1CEA-0DCD-401D-8485-0D346DB02918}"
EndProject
Global
	GlobalSection(SolutionConfigurationPlatforms) = preSolution
		Debug|Any CPU = Debug|Any CPU
		Release|Any CPU = Release|Any CPU
	EndGlobalSection
	GlobalSection(ProjectConfigurationPlatforms) = postSolution
		{FCAE799B-5B56-420E-9847-32B147FE2062}.Debug|Any CPU.ActiveCfg = Debug|Any CPU
		{FCAE799B-5B56-420E-9847-32B147FE2062}.Debug|Any CPU.Build.0 = Debug|Any CPU
		{FCAE799B-5B56-420E-9847-32B147FE2062}.Release|Any CPU.ActiveCfg = Release|Any CPU
		{FCAE799B-5B56-420E-9847-32B147FE2062}.Release|Any CPU.Build.0 = Release|Any CPU
		{CA7D1CEA-0DCD-401D-8485-0D346DB02918}.Debug|Any CPU.ActiveCfg = Debug|Any CPU
		{CA7D1CEA-0DCD-401D-8485-0D346DB02918}.Debug|Any CPU.Build.0 = Debug|Any CPU
		{CA7D1CEA-0DCD-401D-8485-0D346DB02918}.Release|Any CPU.ActiveCfg = Release|Any CPU
		{CA7D1CEA-0DCD-401D-8485-0D346DB02918}.Release|Any CPU.Build.0 = Release|Any CPU
	EndGlobalSection
	GlobalSection(SolutionProperties) = preSolution
		HideSolutionNode = FALSE
	EndGlobalSection
EndGlobal
